
Microsoft Visual Studio Solution File, Format Version 12.00
# Visual Studio Version 17
VisualStudioVersion = 17.0.32112.339
MinimumVisualStudioVersion = 10.0.40219.1
Project("{9A19103F-16F7-4668-BE54-9A1E7A4F7556}") = "UZonMailService", "UZonMailService\UZonMailService.csproj", "{1933B83C-82B4-4C06-9997-5C79BD971269}"
EndProject
Project("{9A19103F-16F7-4668-BE54-9A1E7A4F7556}") = "UZonMailUtils", "UZonMailUtils\UZonMailUtils.csproj", "{E562275E-14AA-4D35-BC2A-738530661716}"
EndProject
Project("{9A19103F-16F7-4668-BE54-9A1E7A4F7556}") = "UZonMailUtilsTests", "UZonMailUtilsTests\UZonMailUtilsTests.csproj", "{91DEBF8F-3A12-4F56-90C7-645A0CE41E49}"
EndProject
Project("{9A19103F-16F7-4668-BE54-9A1E7A4F7556}") = "UZonMailDesktop", "UZonMailDesktop\UZonMailDesktop.csproj", "{B6EB2106-FA92-417C-A4E9-8B9B5342C355}"
EndProject
Project("{2150E333-8FDC-42A3-9474-1A3956D46DE8}") = "Plugins", "Plugins", "{FADA384A-ECE9-4E28-8335-745EAC2920D2}"
EndProject
Project("{9A19103F-16F7-4668-BE54-9A1E7A4F7556}") = "UZonMailCorePlugin", "Plugins\UZonMailCorePlugin\UZonMailCorePlugin.csproj", "{D0B6D031-B4DA-4CC4-A6CB-778875ED5571}"
EndProject
Project("{9A19103F-16F7-4668-BE54-9A1E7A4F7556}") = "UzonMailDB", "UzonMailDB\UzonMailDB.csproj", "{25A1C20D-2A98-493A-B776-7246A8A5B74E}"
EndProject
Project("{9A19103F-16F7-4668-BE54-9A1E7A4F7556}") = "UZonMailDBTests", "UZonMailDBTests\UZonMailDBTests.csproj", "{4BAA7FC3-0B13-4038-84A2-7D946F4ABBBC}"
EndProject
Project("{9A19103F-16F7-4668-BE54-9A1E7A4F7556}") = "UZonMailProPlugin", "..\..\UZonMailProPlugins\UZonMailProPlugin\UZonMailProPlugin.csproj", "{F1855C50-81C8-4E3B-A0EA-8B8CFC10488F}"
EndProject
Project("{9A19103F-16F7-4668-BE54-9A1E7A4F7556}") = "UZonMailProPluginTests", "..\..\UZonMailProPlugins\UZonMailProPluginTests\UZonMailProPluginTests.csproj", "{F4FC9F79-3375-4748-A47C-CEA469CCCD82}"
EndProject
Project("{FAE04EC0-301F-11D3-BF4B-00C04F79EFBC}") = "UZonMailCorePluginTests", "Plugins\UZonMailCorePluginTests\UZonMailCorePluginTests.csproj", "{D38B6810-B474-4ACC-9022-4D91D3B0EBD1}"
EndProject
Project("{2150E333-8FDC-42A3-9474-1A3956D46DE8}") = "UnitTest", "UnitTest", "{02EA681E-C7D8-13C7-8484-4AC65E1B71E8}"
EndProject
Global
	GlobalSection(SolutionConfigurationPlatforms) = preSolution
		Debug|Any CPU = Debug|Any CPU
		Release|Any CPU = Release|Any CPU
	EndGlobalSection
	GlobalSection(ProjectConfigurationPlatforms) = postSolution
		{1933B83C-82B4-4C06-9997-5C79BD971269}.Debug|Any CPU.ActiveCfg = Debug|Any CPU
		{1933B83C-82B4-4C06-9997-5C79BD971269}.Debug|Any CPU.Build.0 = Debug|Any CPU
		{1933B83C-82B4-4C06-9997-5C79BD971269}.Release|Any CPU.ActiveCfg = Release|Any CPU
		{1933B83C-82B4-4C06-9997-5C79BD971269}.Release|Any CPU.Build.0 = Release|Any CPU
		{E562275E-14AA-4D35-BC2A-738530661716}.Debug|Any CPU.ActiveCfg = Debug|Any CPU
		{E562275E-14AA-4D35-BC2A-738530661716}.Debug|Any CPU.Build.0 = Debug|Any CPU
		{E562275E-14AA-4D35-BC2A-738530661716}.Release|Any CPU.ActiveCfg = Release|Any CPU
		{E562275E-14AA-4D35-BC2A-738530661716}.Release|Any CPU.Build.0 = Release|Any CPU
		{91DEBF8F-3A12-4F56-90C7-645A0CE41E49}.Debug|Any CPU.ActiveCfg = Debug|Any CPU
		{91DEBF8F-3A12-4F56-90C7-645A0CE41E49}.Debug|Any CPU.Build.0 = Debug|Any CPU
		{91DEBF8F-3A12-4F56-90C7-645A0CE41E49}.Release|Any CPU.ActiveCfg = Release|Any CPU
		{91DEBF8F-3A12-4F56-90C7-645A0CE41E49}.Release|Any CPU.Build.0 = Release|Any CPU
		{B6EB2106-FA92-417C-A4E9-8B9B5342C355}.Debug|Any CPU.ActiveCfg = Debug|Any CPU
		{B6EB2106-FA92-417C-A4E9-8B9B5342C355}.Debug|Any CPU.Build.0 = Debug|Any CPU
		{B6EB2106-FA92-417C-A4E9-8B9B5342C355}.Release|Any CPU.ActiveCfg = Release|Any CPU
		{B6EB2106-FA92-417C-A4E9-8B9B5342C355}.Release|Any CPU.Build.0 = Release|Any CPU
		{D0B6D031-B4DA-4CC4-A6CB-778875ED5571}.Debug|Any CPU.ActiveCfg = Debug|Any CPU
		{D0B6D031-B4DA-4CC4-A6CB-778875ED5571}.Debug|Any CPU.Build.0 = Debug|Any CPU
		{D0B6D031-B4DA-4CC4-A6CB-778875ED5571}.Release|Any CPU.ActiveCfg = Release|Any CPU
		{D0B6D031-B4DA-4CC4-A6CB-778875ED5571}.Release|Any CPU.Build.0 = Release|Any CPU
		{25A1C20D-2A98-493A-B776-7246A8A5B74E}.Debug|Any CPU.ActiveCfg = Debug|Any CPU
		{25A1C20D-2A98-493A-B776-7246A8A5B74E}.Debug|Any CPU.Build.0 = Debug|Any CPU
		{25A1C20D-2A98-493A-B776-7246A8A5B74E}.Release|Any CPU.ActiveCfg = Release|Any CPU
		{25A1C20D-2A98-493A-B776-7246A8A5B74E}.Release|Any CPU.Build.0 = Release|Any CPU
		{4BAA7FC3-0B13-4038-84A2-7D946F4ABBBC}.Debug|Any CPU.ActiveCfg = Debug|Any CPU
		{4BAA7FC3-0B13-4038-84A2-7D946F4ABBBC}.Debug|Any CPU.Build.0 = Debug|Any CPU
		{4BAA7FC3-0B13-4038-84A2-7D946F4ABBBC}.Release|Any CPU.ActiveCfg = Release|Any CPU
		{4BAA7FC3-0B13-4038-84A2-7D946F4ABBBC}.Release|Any CPU.Build.0 = Release|Any CPU
		{F1855C50-81C8-4E3B-A0EA-8B8CFC10488F}.Debug|Any CPU.ActiveCfg = Debug|Any CPU
		{F1855C50-81C8-4E3B-A0EA-8B8CFC10488F}.Debug|Any CPU.Build.0 = Debug|Any CPU
		{F1855C50-81C8-4E3B-A0EA-8B8CFC10488F}.Release|Any CPU.ActiveCfg = Release|Any CPU
		{F1855C50-81C8-4E3B-A0EA-8B8CFC10488F}.Release|Any CPU.Build.0 = Release|Any CPU
		{F4FC9F79-3375-4748-A47C-CEA469CCCD82}.Debug|Any CPU.ActiveCfg = Debug|Any CPU
		{F4FC9F79-3375-4748-A47C-CEA469CCCD82}.Debug|Any CPU.Build.0 = Debug|Any CPU
		{F4FC9F79-3375-4748-A47C-CEA469CCCD82}.Release|Any CPU.ActiveCfg = Release|Any CPU
		{F4FC9F79-3375-4748-A47C-CEA469CCCD82}.Release|Any CPU.Build.0 = Release|Any CPU
		{D38B6810-B474-4ACC-9022-4D91D3B0EBD1}.Debug|Any CPU.ActiveCfg = Debug|Any CPU
		{D38B6810-B474-4ACC-9022-4D91D3B0EBD1}.Debug|Any CPU.Build.0 = Debug|Any CPU
		{D38B6810-B474-4ACC-9022-4D91D3B0EBD1}.Release|Any CPU.ActiveCfg = Release|Any CPU
		{D38B6810-B474-4ACC-9022-4D91D3B0EBD1}.Release|Any CPU.Build.0 = Release|Any CPU
	EndGlobalSection
	GlobalSection(SolutionProperties) = preSolution
		HideSolutionNode = FALSE
	EndGlobalSection
	GlobalSection(NestedProjects) = preSolution
		{91DEBF8F-3A12-4F56-90C7-645A0CE41E49} = {02EA681E-C7D8-13C7-8484-4AC65E1B71E8}
		{D0B6D031-B4DA-4CC4-A6CB-778875ED5571} = {FADA384A-ECE9-4E28-8335-745EAC2920D2}
		{4BAA7FC3-0B13-4038-84A2-7D946F4ABBBC} = {02EA681E-C7D8-13C7-8484-4AC65E1B71E8}
		{F1855C50-81C8-4E3B-A0EA-8B8CFC10488F} = {FADA384A-ECE9-4E28-8335-745EAC2920D2}
		{F4FC9F79-3375-4748-A47C-CEA469CCCD82} = {02EA681E-C7D8-13C7-8484-4AC65E1B71E8}
		{D38B6810-B474-4ACC-9022-4D91D3B0EBD1} = {02EA681E-C7D8-13C7-8484-4AC65E1B71E8}
	EndGlobalSection
	GlobalSection(ExtensibilityGlobals) = postSolution
		SolutionGuid = {43E8D965-E79B-4A64-8806-FD506E05357C}
	EndGlobalSection
EndGlobal
