<Solution>
  <Folder Name="/Plugins/">
    <Project Path="Plugins/UzonMailCorePlugin/UzonMailCorePlugin.csproj" />
    <Project Path="Plugins/UzonMailProPlugin/UZonMailProPlugin.csproj" />
  </Folder>
  <Project Path="UzonMailDB/UzonMailDB.csproj" />
  <Project Path="UzonMailService/UzonMailService.csproj" />
  <Project Path="UzonMailUtils/UzonMailUtils.csproj" />
</Solution>